{
    "_readme": [
        "This file locks the dependencies of your project to a known state",
        "Read more about it at https://getcomposer.org/doc/01-basic-usage.md#installing-dependencies",
        "This file is @generated automatically"
    ],
    "content-hash": "893177b1fd4faf9be0bdd4dd2b3758d5",
    "packages": [
        {
            "name": "phpstan/phpstan",
            "version": "0.12.99",
            "source": {
                "type": "git",
                "url": "https://github.com/phpstan/phpstan.git",
                "reference": "b4d40f1d759942f523be267a1bab6884f46ca3f7"
            },
            "dist": {
                "type": "zip",
                "url": "https://api.github.com/repos/phpstan/phpstan/zipball/b4d40f1d759942f523be267a1bab6884f46ca3f7",
                "reference": "b4d40f1d759942f523be267a1bab6884f46ca3f7",
                "shasum": ""
            },
            "require": {
                "php": "^7.1|^8.0"
            },
            "conflict": {
                "phpstan/phpstan-shim": "*"
            },
            "bin": [
                "phpstan",
                "phpstan.phar"
            ],
            "type": "library",
            "extra": {
                "branch-alias": {
                    "dev-master": "0.12-dev"
                }
            },
            "autoload": {
                "files": [
                    "bootstrap.php"
                ]
            },
            "notification-url": "https://packagist.org/downloads/",
            "license": [
                "MIT"
            ],
            "description": "PHPStan - PHP Static Analysis Tool",
            "support": {
                "issues": "https://github.com/phpstan/phpstan/issues",
                "source": "https://github.com/phpstan/phpstan/tree/0.12.99"
            },
            "funding": [
                {
                    "url": "https://github.com/ondrejmirtes",
                    "type": "github"
                },
                {
                    "url": "https://github.com/phpstan",
                    "type": "github"
                },
                {
                    "url": "https://www.patreon.com/phpstan",
                    "type": "patreon"
                },
                {
                    "url": "https://tidelift.com/funding/github/packagist/phpstan/phpstan",
                    "type": "tidelift"
                }
            ],
            "time": "2021-09-12T20:09:55+00:00"
        },
        {
            "name": "rector/rector",
            "version": "0.11.59",
            "source": {
                "type": "git",
                "url": "https://github.com/rectorphp/rector.git",
                "reference": "5ae5c75ec54697ff19de987f249e68513e899b8a"
            },
            "dist": {
                "type": "zip",
                "url": "https://api.github.com/repos/rectorphp/rector/zipball/5ae5c75ec54697ff19de987f249e68513e899b8a",
                "reference": "5ae5c75ec54697ff19de987f249e68513e899b8a",
                "shasum": ""
            },
            "require": {
                "php": "^7.1|^8.0",
                "phpstan/phpstan": "0.12.99"
            },
            "conflict": {
                "phpstan/phpdoc-parser": "<=0.5.3",
                "phpstan/phpstan": "<=0.12.82",
                "rector/rector-cakephp": "*",
                "rector/rector-doctrine": "*",
                "rector/rector-laravel": "*",
                "rector/rector-nette": "*",
                "rector/rector-phpoffice": "*",
                "rector/rector-phpunit": "*",
                "rector/rector-prefixed": "*",
                "rector/rector-symfony": "*"
            },
            "bin": [
                "bin/rector"
            ],
            "type": "library",
            "extra": {
                "branch-alias": {
                    "dev-main": "0.11-dev"
                }
            },
            "autoload": {
                "files": [
                    "bootstrap.php"
                ]
            },
            "notification-url": "https://packagist.org/downloads/",
            "license": [
                "MIT"
            ],
            "description": "Prefixed and PHP 7.1 downgraded version of rector/rector",
            "support": {
                "issues": "https://github.com/rectorphp/rector/issues",
                "source": "https://github.com/rectorphp/rector/tree/0.11.59"
            },
            "funding": [
                {
                    "url": "https://github.com/tomasvotruba",
                    "type": "github"
                }
            ],
            "time": "2021-10-19T10:08:27+00:00"
        }
    ],
    "packages-dev": [],
    "aliases": [],
    "minimum-stability": "stable",
    "stability-flags": [],
    "prefer-stable": false,
    "prefer-lowest": false,
    "platform": {
        "php": "^7.4"
    },
    "platform-dev": [],
    "plugin-api-version": "2.1.0"
}
